
Microsoft Visual Studio Solution File, Format Version 12.00
# Visual Studio Version 16
VisualStudioVersion = 16.0.30907.101
MinimumVisualStudioVersion = 10.0.40219.1
Project("{FAE04EC0-301F-11D3-BF4B-00C04F79EFBC}") = "Library", "Library\Library.csproj", "{8B9BED45-A1B0-4327-99DE-6173544335EE}"
EndProject
Global
	GlobalSection(SolutionConfigurationPlatforms) = preSolution
		Debug|Any CPU = Debug|Any CPU
		Release|Any CPU = Release|Any CPU
	EndGlobalSection
	GlobalSection(ProjectConfigurationPlatforms) = postSolution
		{8B9BED45-A1B0-4327-99DE-6173544335EE}.Debug|Any CPU.ActiveCfg = Debug|Any CPU
		{8B9BED45-A1B0-4327-99DE-6173544335EE}.Debug|Any CPU.Build.0 = Debug|Any CPU
		{8B9BED45-A1B0-4327-99DE-6173544335EE}.Release|Any CPU.ActiveCfg = Release|Any CPU
		{8B9BED45-A1B0-4327-99DE-6173544335EE}.Release|Any CPU.Build.0 = Release|Any CPU
	EndGlobalSection
	GlobalSection(SolutionProperties) = preSolution
		HideSolutionNode = FALSE
	EndGlobalSection
	GlobalSection(ExtensibilityGlobals) = postSolution
		SolutionGuid = {024BB5C4-58CE-4108-A804-3353AAD03BA2}
	EndGlobalSection
EndGlobal
